// !$*UTF8*$!
{
	archiveVersion = 1;
	classes = {
	};
	objectVersion = 46;
	objects = {

/* Begin PBXBuildFile section */
		CB4598E81AEA51FE0043A978 /* User.swift in Sources */ = {isa = PBXBuildFile; fileRef = CB4598E71AEA51FE0043A978 /* User.swift */; };
		CB4598EA1AEA51FF0043A978 /* News.swift in Sources */ = {isa = PBXBuildFile; fileRef = CB4598E91AEA51FF0043A978 /* News.swift */; };
		CB4598EC1AEA51FF0043A978 /* Company.swift in Sources */ = {isa = PBXBuildFile; fileRef = CB4598EB1AEA51FF0043A978 /* Company.swift */; };
		CB4598F11AEA52350043A978 /* SwiftCoreDataHelper.m in Sources */ = {isa = PBXBuildFile; fileRef = CB4598F01AEA52350043A978 /* SwiftCoreDataHelper.m */; };
		CB8BD50E1AEA3107006CB90D /* AppDelegate.swift in Sources */ = {isa = PBXBuildFile; fileRef = CB8BD50D1AEA3107006CB90D /* AppDelegate.swift */; };
		CB8BD5111AEA3107006CB90D /* BmobFastSync.xcdatamodeld in Sources */ = {isa = PBXBuildFile; fileRef = CB8BD50F1AEA3107006CB90D /* BmobFastSync.xcdatamodeld */; };
		CB8BD5131AEA3107006CB90D /* ViewController.swift in Sources */ = {isa = PBXBuildFile; fileRef = CB8BD5121AEA3107006CB90D /* ViewController.swift */; };
		CB8BD5161AEA3107006CB90D /* Main.storyboard in Resources */ = {isa = PBXBuildFile; fileRef = CB8BD5141AEA3107006CB90D /* Main.storyboard */; };
		CB8BD5181AEA3107006CB90D /* Images.xcassets in Resources */ = {isa = PBXBuildFile; fileRef = CB8BD5171AEA3107006CB90D /* Images.xcassets */; };
		CB8BD51B1AEA3107006CB90D /* LaunchScreen.xib in Resources */ = {isa = PBXBuildFile; fileRef = CB8BD5191AEA3107006CB90D /* LaunchScreen.xib */; };
		CB8BD5271AEA3107006CB90D /* BmobFastSyncTests.swift in Sources */ = {isa = PBXBuildFile; fileRef = CB8BD5261AEA3107006CB90D /* BmobFastSyncTests.swift */; };
/* End PBXBuildFile section */

/* Begin PBXContainerItemProxy section */
		CB8BD5211AEA3107006CB90D /* PBXContainerItemProxy */ = {
			isa = PBXContainerItemProxy;
			containerPortal = CB8BD5001AEA3107006CB90D /* Project object */;
			proxyType = 1;
			remoteGlobalIDString = CB8BD5071AEA3107006CB90D;
			remoteInfo = BmobFastSync;
		};
/* End PBXContainerItemProxy section */

/* Begin PBXFileReference section */
		CB4598E71AEA51FE0043A978 /* User.swift */ = {isa = PBXFileReference; fileEncoding = 4; lastKnownFileType = sourcecode.swift; name = User.swift; path = ../User.swift; sourceTree = "<group>"; };
		CB4598E91AEA51FF0043A978 /* News.swift */ = {isa = PBXFileReference; fileEncoding = 4; lastKnownFileType = sourcecode.swift; name = News.swift; path = ../News.swift; sourceTree = "<group>"; };
		CB4598EB1AEA51FF0043A978 /* Company.swift */ = {isa = PBXFileReference; fileEncoding = 4; lastKnownFileType = sourcecode.swift; name = Company.swift; path = ../Company.swift; sourceTree = "<group>"; };
		CB4598EE1AEA52340043A978 /* BmobFastSync-Bridging-Header.h */ = {isa = PBXFileReference; lastKnownFileType = sourcecode.c.h; path = "BmobFastSync-Bridging-Header.h"; sourceTree = "<group>"; };
		CB4598EF1AEA52350043A978 /* SwiftCoreDataHelper.h */ = {isa = PBXFileReference; fileEncoding = 4; lastKnownFileType = sourcecode.c.h; path = SwiftCoreDataHelper.h; sourceTree = "<group>"; };
		CB4598F01AEA52350043A978 /* SwiftCoreDataHelper.m */ = {isa = PBXFileReference; fileEncoding = 4; lastKnownFileType = sourcecode.c.objc; path = SwiftCoreDataHelper.m; sourceTree = "<group>"; };
		CB8BD5081AEA3107006CB90D /* BmobFastSync.app */ = {isa = PBXFileReference; explicitFileType = wrapper.application; includeInIndex = 0; path = BmobFastSync.app; sourceTree = BUILT_PRODUCTS_DIR; };
		CB8BD50C1AEA3107006CB90D /* Info.plist */ = {isa = PBXFileReference; lastKnownFileType = text.plist.xml; path = Info.plist; sourceTree = "<group>"; };
		CB8BD50D1AEA3107006CB90D /* AppDelegate.swift */ = {isa = PBXFileReference; lastKnownFileType = sourcecode.swift; path = AppDelegate.swift; sourceTree = "<group>"; };
		CB8BD5101AEA3107006CB90D /* BmobFastSync.xcdatamodel */ = {isa = PBXFileReference; lastKnownFileType = wrapper.xcdatamodel; path = BmobFastSync.xcdatamodel; sourceTree = "<group>"; };
		CB8BD5121AEA3107006CB90D /* ViewController.swift */ = {isa = PBXFileReference; lastKnownFileType = sourcecode.swift; path = ViewController.swift; sourceTree = "<group>"; };
		CB8BD5151AEA3107006CB90D /* Base */ = {isa = PBXFileReference; lastKnownFileType = file.storyboard; name = Base; path = Base.lproj/Main.storyboard; sourceTree = "<group>"; };
		CB8BD5171AEA3107006CB90D /* Images.xcassets */ = {isa = PBXFileReference; lastKnownFileType = folder.assetcatalog; path = Images.xcassets; sourceTree = "<group>"; };
		CB8BD51A1AEA3107006CB90D /* Base */ = {isa = PBXFileReference; lastKnownFileType = file.xib; name = Base; path = Base.lproj/LaunchScreen.xib; sourceTree = "<group>"; };
		CB8BD5201AEA3107006CB90D /* BmobFastSyncTests.xctest */ = {isa = PBXFileReference; explicitFileType = wrapper.cfbundle; includeInIndex = 0; path = BmobFastSyncTests.xctest; sourceTree = BUILT_PRODUCTS_DIR; };
		CB8BD5251AEA3107006CB90D /* Info.plist */ = {isa = PBXFileReference; lastKnownFileType = text.plist.xml; path = Info.plist; sourceTree = "<group>"; };
		CB8BD5261AEA3107006CB90D /* BmobFastSyncTests.swift */ = {isa = PBXFileReference; lastKnownFileType = sourcecode.swift; path = BmobFastSyncTests.swift; sourceTree = "<group>"; };
/* End PBXFileReference section */

/* Begin PBXFrameworksBuildPhase section */
		CB8BD5051AEA3107006CB90D /* Frameworks */ = {
			isa = PBXFrameworksBuildPhase;
			buildActionMask = 2147483647;
			files = (
			);
			runOnlyForDeploymentPostprocessing = 0;
		};
		CB8BD51D1AEA3107006CB90D /* Frameworks */ = {
			isa = PBXFrameworksBuildPhase;
			buildActionMask = 2147483647;
			files = (
			);
			runOnlyForDeploymentPostprocessing = 0;
		};
/* End PBXFrameworksBuildPhase section */

/* Begin PBXGroup section */
		CB4598ED1AEA52100043A978 /* Data Model */ = {
			isa = PBXGroup;
			children = (
				CB4598EB1AEA51FF0043A978 /* Company.swift */,
				CB4598E91AEA51FF0043A978 /* News.swift */,
				CB4598E71AEA51FE0043A978 /* User.swift */,
				CB8BD50F1AEA3107006CB90D /* BmobFastSync.xcdatamodeld */,
			);
			name = "Data Model";
			sourceTree = "<group>";
		};
		CB4598F21AEA523B0043A978 /* Helper Class */ = {
			isa = PBXGroup;
			children = (
				CB4598EF1AEA52350043A978 /* SwiftCoreDataHelper.h */,
				CB4598F01AEA52350043A978 /* SwiftCoreDataHelper.m */,
			);
			name = "Helper Class";
			sourceTree = "<group>";
		};
		CB8BD4FF1AEA3107006CB90D = {
			isa = PBXGroup;
			children = (
				CB8BD50A1AEA3107006CB90D /* BmobFastSync */,
				CB8BD5231AEA3107006CB90D /* BmobFastSyncTests */,
				CB8BD5091AEA3107006CB90D /* Products */,
			);
			sourceTree = "<group>";
		};
		CB8BD5091AEA3107006CB90D /* Products */ = {
			isa = PBXGroup;
			children = (
				CB8BD5081AEA3107006CB90D /* BmobFastSync.app */,
				CB8BD5201AEA3107006CB90D /* BmobFastSyncTests.xctest */,
			);
			name = Products;
			sourceTree = "<group>";
		};
		CB8BD50A1AEA3107006CB90D /* BmobFastSync */ = {
			isa = PBXGroup;
			children = (
				CB8BD50D1AEA3107006CB90D /* AppDelegate.swift */,
				CB8BD5121AEA3107006CB90D /* ViewController.swift */,
				CB4598F21AEA523B0043A978 /* Helper Class */,
				CB8BD5141AEA3107006CB90D /* Main.storyboard */,
				CB8BD5171AEA3107006CB90D /* Images.xcassets */,
				CB8BD5191AEA3107006CB90D /* LaunchScreen.xib */,
				CB4598ED1AEA52100043A978 /* Data Model */,
				CB8BD50B1AEA3107006CB90D /* Supporting Files */,
				CB4598EE1AEA52340043A978 /* BmobFastSync-Bridging-Header.h */,
			);
			path = BmobFastSync;
			sourceTree = "<group>";
		};
		CB8BD50B1AEA3107006CB90D /* Supporting Files */ = {
			isa = PBXGroup;
			children = (
				CB8BD50C1AEA3107006CB90D /* Info.plist */,
			);
			name = "Supporting Files";
			sourceTree = "<group>";
		};
		CB8BD5231AEA3107006CB90D /* BmobFastSyncTests */ = {
			isa = PBXGroup;
			children = (
				CB8BD5261AEA3107006CB90D /* BmobFastSyncTests.swift */,
				CB8BD5241AEA3107006CB90D /* Supporting Files */,
			);
			path = BmobFastSyncTests;
			sourceTree = "<group>";
		};
		CB8BD5241AEA3107006CB90D /* Supporting Files */ = {
			isa = PBXGroup;
			children = (
				CB8BD5251AEA3107006CB90D /* Info.plist */,
			);
			name = "Supporting Files";
			sourceTree = "<group>";
		};
/* End PBXGroup section */

/* Begin PBXNativeTarget section */
		CB8BD5071AEA3107006CB90D /* BmobFastSync */ = {
			isa = PBXNativeTarget;
			buildConfigurationList = CB8BD52A1AEA3107006CB90D /* Build configuration list for PBXNativeTarget "BmobFastSync" */;
			buildPhases = (
				CB8BD5041AEA3107006CB90D /* Sources */,
				CB8BD5051AEA3107006CB90D /* Frameworks */,
				CB8BD5061AEA3107006CB90D /* Resources */,
			);
			buildRules = (
			);
			dependencies = (
			);
			name = BmobFastSync;
			productName = BmobFastSync;
			productReference = CB8BD5081AEA3107006CB90D /* BmobFastSync.app */;
			productType = "com.apple.product-type.application";
		};
		CB8BD51F1AEA3107006CB90D /* BmobFastSyncTests */ = {
			isa = PBXNativeTarget;
			buildConfigurationList = CB8BD52D1AEA3107006CB90D /* Build configuration list for PBXNativeTarget "BmobFastSyncTests" */;
			buildPhases = (
				CB8BD51C1AEA3107006CB90D /* Sources */,
				CB8BD51D1AEA3107006CB90D /* Frameworks */,
				CB8BD51E1AEA3107006CB90D /* Resources */,
			);
			buildRules = (
			);
			dependencies = (
				CB8BD5221AEA3107006CB90D /* PBXTargetDependency */,
			);
			name = BmobFastSyncTests;
			productName = BmobFastSyncTests;
			productReference = CB8BD5201AEA3107006CB90D /* BmobFastSyncTests.xctest */;
			productType = "com.apple.product-type.bundle.unit-test";
		};
/* End PBXNativeTarget section */

/* Begin PBXProject section */
		CB8BD5001AEA3107006CB90D /* Project object */ = {
			isa = PBXProject;
			attributes = {
				LastUpgradeCheck = 0630;
				ORGANIZATIONNAME = HuCharlie;
				TargetAttributes = {
					CB8BD5071AEA3107006CB90D = {
						CreatedOnToolsVersion = 6.3;
					};
					CB8BD51F1AEA3107006CB90D = {
						CreatedOnToolsVersion = 6.3;
						TestTargetID = CB8BD5071AEA3107006CB90D;
					};
				};
			};
			buildConfigurationList = CB8BD5031AEA3107006CB90D /* Build configuration list for PBXProject "BmobFastSync" */;
			compatibilityVersion = "Xcode 3.2";
			developmentRegion = English;
			hasScannedForEncodings = 0;
			knownRegions = (
				en,
				Base,
			);
			mainGroup = CB8BD4FF1AEA3107006CB90D;
			productRefGroup = CB8BD5091AEA3107006CB90D /* Products */;
			projectDirPath = "";
			projectRoot = "";
			targets = (
				CB8BD5071AEA3107006CB90D /* BmobFastSync */,
				CB8BD51F1AEA3107006CB90D /* BmobFastSyncTests */,
			);
		};
/* End PBXProject section */

/* Begin PBXResourcesBuildPhase section */
		CB8BD5061AEA3107006CB90D /* Resources */ = {
			isa = PBXResourcesBuildPhase;
			buildActionMask = 2147483647;
			files = (
				CB8BD5161AEA3107006CB90D /* Main.storyboard in Resources */,
				CB8BD51B1AEA3107006CB90D /* LaunchScreen.xib in Resources */,
				CB8BD5181AEA3107006CB90D /* Images.xcassets in Resources */,
			);
			runOnlyForDeploymentPostprocessing = 0;
		};
		CB8BD51E1AEA3107006CB90D /* Resources */ = {
			isa = PBXResourcesBuildPhase;
			buildActionMask = 2147483647;
			files = (
			);
			runOnlyForDeploymentPostprocessing = 0;
		};
/* End PBXResourcesBuildPhase section */

/* Begin PBXSourcesBuildPhase section */
		CB8BD5041AEA3107006CB90D /* Sources */ = {
			isa = PBXSourcesBuildPhase;
			buildActionMask = 2147483647;
			files = (
				CB4598E81AEA51FE0043A978 /* User.swift in Sources */,
				CB8BD5131AEA3107006CB90D /* ViewController.swift in Sources */,
				CB8BD5111AEA3107006CB90D /* BmobFastSync.xcdatamodeld in Sources */,
				CB4598EA1AEA51FF0043A978 /* News.swift in Sources */,
				CB8BD50E1AEA3107006CB90D /* AppDelegate.swift in Sources */,
				CB4598F11AEA52350043A978 /* SwiftCoreDataHelper.m in Sources */,
				CB4598EC1AEA51FF0043A978 /* Company.swift in Sources */,
			);
			runOnlyForDeploymentPostprocessing = 0;
		};
		CB8BD51C1AEA3107006CB90D /* Sources */ = {
			isa = PBXSourcesBuildPhase;
			buildActionMask = 2147483647;
			files = (
				CB8BD5271AEA3107006CB90D /* BmobFastSyncTests.swift in Sources */,
			);
			runOnlyForDeploymentPostprocessing = 0;
		};
/* End PBXSourcesBuildPhase section */

/* Begin PBXTargetDependency section */
		CB8BD5221AEA3107006CB90D /* PBXTargetDependency */ = {
			isa = PBXTargetDependency;
			target = CB8BD5071AEA3107006CB90D /* BmobFastSync */;
			targetProxy = CB8BD5211AEA3107006CB90D /* PBXContainerItemProxy */;
		};
/* End PBXTargetDependency section */

/* Begin PBXVariantGroup section */
		CB8BD5141AEA3107006CB90D /* Main.storyboard */ = {
			isa = PBXVariantGroup;
			children = (
				CB8BD5151AEA3107006CB90D /* Base */,
			);
			name = Main.storyboard;
			sourceTree = "<group>";
		};
		CB8BD5191AEA3107006CB90D /* LaunchScreen.xib */ = {
			isa = PBXVariantGroup;
			children = (
				CB8BD51A1AEA3107006CB90D /* Base */,
			);
			name = LaunchScreen.xib;
			sourceTree = "<group>";
		};
/* End PBXVariantGroup section */

/* Begin XCBuildConfiguration section */
		CB8BD5281AEA3107006CB90D /* Debug */ = {
			isa = XCBuildConfiguration;
			buildSettings = {
				ALWAYS_SEARCH_USER_PATHS = NO;
				CLANG_CXX_LANGUAGE_STANDARD = "gnu++0x";
				CLANG_CXX_LIBRARY = "libc++";
				CLANG_ENABLE_MODULES = YES;
				CLANG_ENABLE_OBJC_ARC = YES;
				CLANG_WARN_BOOL_CONVERSION = YES;
				CLANG_WARN_CONSTANT_CONVERSION = YES;
				CLANG_WARN_DIRECT_OBJC_ISA_USAGE = YES_ERROR;
				CLANG_WARN_EMPTY_BODY = YES;
				CLANG_WARN_ENUM_CONVERSION = YES;
				CLANG_WARN_INT_CONVERSION = YES;
				CLANG_WARN_OBJC_ROOT_CLASS = YES_ERROR;
				CLANG_WARN_UNREACHABLE_CODE = YES;
				CLANG_WARN__DUPLICATE_METHOD_MATCH = YES;
				"CODE_SIGN_IDENTITY[sdk=iphoneos*]" = "iPhone Developer";
				COPY_PHASE_STRIP = NO;
				DEBUG_INFORMATION_FORMAT = "dwarf-with-dsym";
				ENABLE_STRICT_OBJC_MSGSEND = YES;
				GCC_C_LANGUAGE_STANDARD = gnu99;
				GCC_DYNAMIC_NO_PIC = NO;
				GCC_NO_COMMON_BLOCKS = YES;
				GCC_OPTIMIZATION_LEVEL = 0;
				GCC_PREPROCESSOR_DEFINITIONS = (
					"DEBUG=1",
					"$(inherited)",
				);
				GCC_SYMBOLS_PRIVATE_EXTERN = NO;
				GCC_WARN_64_TO_32_BIT_CONVERSION = YES;
				GCC_WARN_ABOUT_RETURN_TYPE = YES_ERROR;
				GCC_WARN_UNDECLARED_SELECTOR = YES;
				GCC_WARN_UNINITIALIZED_AUTOS = YES_AGGRESSIVE;
				GCC_WARN_UNUSED_FUNCTION = YES;
				GCC_WARN_UNUSED_VARIABLE = YES;
				IPHONEOS_DEPLOYMENT_TARGET = 8.3;
				MTL_ENABLE_DEBUG_INFO = YES;
				ONLY_ACTIVE_ARCH = YES;
				SDKROOT = iphoneos;
				SWIFT_OPTIMIZATION_LEVEL = "-Onone";
			};
			name = Debug;
		};
		CB8BD5291AEA3107006CB90D /* Release */ = {
			isa = XCBuildConfiguration;
			buildSettings = {
				ALWAYS_SEARCH_USER_PATHS = NO;
				CLANG_CXX_LANGUAGE_STANDARD = "gnu++0x";
				CLANG_CXX_LIBRARY = "libc++";
				CLANG_ENABLE_MODULES = YES;
				CLANG_ENABLE_OBJC_ARC = YES;
				CLANG_WARN_BOOL_CONVERSION = YES;
				CLANG_WARN_CONSTANT_CONVERSION = YES;
				CLANG_WARN_DIRECT_OBJC_ISA_USAGE = YES_ERROR;
				CLANG_WARN_EMPTY_BODY = YES;
				CLANG_WARN_ENUM_CONVERSION = YES;
				CLANG_WARN_INT_CONVERSION = YES;
				CLANG_WARN_OBJC_ROOT_CLASS = YES_ERROR;
				CLANG_WARN_UNREACHABLE_CODE = YES;
				CLANG_WARN__DUPLICATE_METHOD_MATCH = YES;
				"CODE_SIGN_IDENTITY[sdk=iphoneos*]" = "iPhone Developer";
				COPY_PHASE_STRIP = NO;
				DEBUG_INFORMATION_FORMAT = "dwarf-with-dsym";
				ENABLE_NS_ASSERTIONS = NO;
				ENABLE_STRICT_OBJC_MSGSEND = YES;
				GCC_C_LANGUAGE_STANDARD = gnu99;
				GCC_NO_COMMON_BLOCKS = YES;
				GCC_WARN_64_TO_32_BIT_CONVERSION = YES;
				GCC_WARN_ABOUT_RETURN_TYPE = YES_ERROR;
				GCC_WARN_UNDECLARED_SELECTOR = YES;
				GCC_WARN_UNINITIALIZED_AUTOS = YES_AGGRESSIVE;
				GCC_WARN_UNUSED_FUNCTION = YES;
				GCC_WARN_UNUSED_VARIABLE = YES;
				IPHONEOS_DEPLOYMENT_TARGET = 8.3;
				MTL_ENABLE_DEBUG_INFO = NO;
				SDKROOT = iphoneos;
				VALIDATE_PRODUCT = YES;
			};
			name = Release;
		};
		CB8BD52B1AEA3107006CB90D /* Debug */ = {
			isa = XCBuildConfiguration;
			buildSettings = {
				ASSETCATALOG_COMPILER_APPICON_NAME = AppIcon;
				CLANG_ENABLE_MODULES = YES;
				INFOPLIST_FILE = BmobFastSync/Info.plist;
				LD_RUNPATH_SEARCH_PATHS = "$(inherited) @executable_path/Frameworks";
				PRODUCT_NAME = "$(TARGET_NAME)";
				SWIFT_OBJC_BRIDGING_HEADER = "BmobFastSync/BmobFastSync-Bridging-Header.h";
				SWIFT_OPTIMIZATION_LEVEL = "-Onone";
			};
			name = Debug;
		};
		CB8BD52C1AEA3107006CB90D /* Release */ = {
			isa = XCBuildConfiguration;
			buildSettings = {
				ASSETCATALOG_COMPILER_APPICON_NAME = AppIcon;
				CLANG_ENABLE_MODULES = YES;
				INFOPLIST_FILE = BmobFastSync/Info.plist;
				LD_RUNPATH_SEARCH_PATHS = "$(inherited) @executable_path/Frameworks";
				PRODUCT_NAME = "$(TARGET_NAME)";
				SWIFT_OBJC_BRIDGING_HEADER = "BmobFastSync/BmobFastSync-Bridging-Header.h";
			};
			name = Release;
		};
		CB8BD52E1AEA3107006CB90D /* Debug */ = {
			isa = XCBuildConfiguration;
			buildSettings = {
				BUNDLE_LOADER = "$(TEST_HOST)";
				FRAMEWORK_SEARCH_PATHS = (
					"$(SDKROOT)/Developer/Library/Frameworks",
					"$(inherited)",
				);
				GCC_PREPROCESSOR_DEFINITIONS = (
					"DEBUG=1",
					"$(inherited)",
				);
				INFOPLIST_FILE = BmobFastSyncTests/Info.plist;
				LD_RUNPATH_SEARCH_PATHS = "$(inherited) @executable_path/Frameworks @loader_path/Frameworks";
				PRODUCT_NAME = "$(TARGET_NAME)";
				TEST_HOST = "$(BUILT_PRODUCTS_DIR)/BmobFastSync.app/BmobFastSync";
			};
			name = Debug;
		};
		CB8BD52F1AEA3107006CB90D /* Release */ = {
			isa = XCBuildConfiguration;
			buildSettings = {
				BUNDLE_LOADER = "$(TEST_HOST)";
				FRAMEWORK_SEARCH_PATHS = (
					"$(SDKROOT)/Developer/Library/Frameworks",
					"$(inherited)",
				);
				INFOPLIST_FILE = BmobFastSyncTests/Info.plist;
				LD_RUNPATH_SEARCH_PATHS = "$(inherited) @executable_path/Frameworks @loader_path/Frameworks";
				PRODUCT_NAME = "$(TARGET_NAME)";
				TEST_HOST = "$(BUILT_PRODUCTS_DIR)/BmobFastSync.app/BmobFastSync";
			};
			name = Release;
		};
/* End XCBuildConfiguration section */

/* Begin XCConfigurationList section */
		CB8BD5031AEA3107006CB90D /* Build configuration list for PBXProject "BmobFastSync" */ = {
			isa = XCConfigurationList;
			buildConfigurations = (
				CB8BD5281AEA3107006CB90D /* Debug */,
				CB8BD5291AEA3107006CB90D /* Release */,
			);
			defaultConfigurationIsVisible = 0;
			defaultConfigurationName = Release;
		};
		CB8BD52A1AEA3107006CB90D /* Build configuration list for PBXNativeTarget "BmobFastSync" */ = {
			isa = XCConfigurationList;
			buildConfigurations = (
				CB8BD52B1AEA3107006CB90D /* Debug */,
				CB8BD52C1AEA3107006CB90D /* Release */,
			);
			defaultConfigurationIsVisible = 0;
			defaultConfigurationName = Release;
		};
		CB8BD52D1AEA3107006CB90D /* Build configuration list for PBXNativeTarget "BmobFastSyncTests" */ = {
			isa = XCConfigurationList;
			buildConfigurations = (
				CB8BD52E1AEA3107006CB90D /* Debug */,
				CB8BD52F1AEA3107006CB90D /* Release */,
			);
			defaultConfigurationIsVisible = 0;
			defaultConfigurationName = Release;
		};
/* End XCConfigurationList section */

/* Begin XCVersionGroup section */
		CB8BD50F1AEA3107006CB90D /* BmobFastSync.xcdatamodeld */ = {
			isa = XCVersionGroup;
			children = (
				CB8BD5101AEA3107006CB90D /* BmobFastSync.xcdatamodel */,
			);
			currentVersion = CB8BD5101AEA3107006CB90D /* BmobFastSync.xcdatamodel */;
			path = BmobFastSync.xcdatamodeld;
			sourceTree = "<group>";
			versionGroupType = wrapper.xcdatamodel;
		};
/* End XCVersionGroup section */
	};
	rootObject = CB8BD5001AEA3107006CB90D /* Project object */;
}
